
Microsoft Visual Studio Solution File, Format Version 12.00
Project("{FAE04EC0-301F-11D3-BF4B-00C04F79EFBC}") = "ErrorResultPattern", "ErrorResultPattern.csproj", "{CEBE404C-1952-4FB4-8752-85626CB1E9EA}"
EndProject
Global
	GlobalSection(SolutionConfigurationPlatforms) = preSolution
		Debug|Any CPU = Debug|Any CPU
		Release|Any CPU = Release|Any CPU
	EndGlobalSection
	GlobalSection(ProjectConfigurationPlatforms) = postSolution
		{CEBE404C-1952-4FB4-8752-85626CB1E9EA}.Debug|Any CPU.ActiveCfg = Debug|Any CPU
		{CEBE404C-1952-4FB4-8752-85626CB1E9EA}.Debug|Any CPU.Build.0 = Debug|Any CPU
		{CEBE404C-1952-4FB4-8752-85626CB1E9EA}.Release|Any CPU.ActiveCfg = Release|Any CPU
		{CEBE404C-1952-4FB4-8752-85626CB1E9EA}.Release|Any CPU.Build.0 = Release|Any CPU
	EndGlobalSection
EndGlobal
